// !$*UTF8*$!
{
	archiveVersion = 1;
	classes = {
	};
	objectVersion = 46;
	objects = {

/* Begin PBXBuildFile section */
		2BA2A5C5155544F0000F7808 /* UIKit.framework in Frameworks */ = {isa = PBXBuildFile; fileRef = 2BA2A5C4155544F0000F7808 /* UIKit.framework */; };
		2BA2A5C7155544F0000F7808 /* Foundation.framework in Frameworks */ = {isa = PBXBuildFile; fileRef = 2BA2A5C6155544F0000F7808 /* Foundation.framework */; };
		2BA2A5C9155544F0000F7808 /* CoreGraphics.framework in Frameworks */ = {isa = PBXBuildFile; fileRef = 2BA2A5C8155544F0000F7808 /* CoreGraphics.framework */; };
		2BA2A5CF155544F0000F7808 /* InfoPlist.strings in Resources */ = {isa = PBXBuildFile; fileRef = 2BA2A5CD155544F0000F7808 /* InfoPlist.strings */; };
		2BA2A5D1155544F0000F7808 /* main.m in Sources */ = {isa = PBXBuildFile; fileRef = 2BA2A5D0155544F0000F7808 /* main.m */; };
		2BA2A5D5155544F0000F7808 /* AppDelegate.m in Sources */ = {isa = PBXBuildFile; fileRef = 2BA2A5D4155544F0000F7808 /* AppDelegate.m */; };
		2BA2A5DD1555451A000F7808 /* CPStreamPlayer.m in Sources */ = {isa = PBXBuildFile; fileRef = 2BA2A5DC1555451A000F7808 /* CPStreamPlayer.m */; };
		2BA2A5E01555452B000F7808 /* MainViewController.m in Sources */ = {isa = PBXBuildFile; fileRef = 2BA2A5DF1555452B000F7808 /* MainViewController.m */; };
		2BA2A5E215554554000F7808 /* AVFoundation.framework in Frameworks */ = {isa = PBXBuildFile; fileRef = 2BA2A5E115554554000F7808 /* AVFoundation.framework */; };
		2BA2A5E415554559000F7808 /* AudioToolbox.framework in Frameworks */ = {isa = PBXBuildFile; fileRef = 2BA2A5E315554559000F7808 /* AudioToolbox.framework */; };
		2BA2A5E61555455E000F7808 /* MediaPlayer.framework in Frameworks */ = {isa = PBXBuildFile; fileRef = 2BA2A5E51555455E000F7808 /* MediaPlayer.framework */; };
		5186FC3217D943F6008171D8 /* MainViewController.xib in Resources */ = {isa = PBXBuildFile; fileRef = 5186FC3117D943F6008171D8 /* MainViewController.xib */; };
		5186FC3417D94780008171D8 /* Default-568h@2x.png in Resources */ = {isa = PBXBuildFile; fileRef = 5186FC3317D94780008171D8 /* Default-568h@2x.png */; };
/* End PBXBuildFile section */

/* Begin PBXFileReference section */
		2BA2A5C0155544F0000F7808 /* CPStreamPlayer.app */ = {isa = PBXFileReference; explicitFileType = wrapper.application; includeInIndex = 0; path = CPStreamPlayer.app; sourceTree = BUILT_PRODUCTS_DIR; };
		2BA2A5C4155544F0000F7808 /* UIKit.framework */ = {isa = PBXFileReference; lastKnownFileType = wrapper.framework; name = UIKit.framework; path = System/Library/Frameworks/UIKit.framework; sourceTree = SDKROOT; };
		2BA2A5C6155544F0000F7808 /* Foundation.framework */ = {isa = PBXFileReference; lastKnownFileType = wrapper.framework; name = Foundation.framework; path = System/Library/Frameworks/Foundation.framework; sourceTree = SDKROOT; };
		2BA2A5C8155544F0000F7808 /* CoreGraphics.framework */ = {isa = PBXFileReference; lastKnownFileType = wrapper.framework; name = CoreGraphics.framework; path = System/Library/Frameworks/CoreGraphics.framework; sourceTree = SDKROOT; };
		2BA2A5CC155544F0000F7808 /* CPStreamPlayer-Info.plist */ = {isa = PBXFileReference; lastKnownFileType = text.plist.xml; path = "CPStreamPlayer-Info.plist"; sourceTree = "<group>"; };
		2BA2A5CE155544F0000F7808 /* en */ = {isa = PBXFileReference; lastKnownFileType = text.plist.strings; name = en; path = en.lproj/InfoPlist.strings; sourceTree = "<group>"; };
		2BA2A5D0155544F0000F7808 /* main.m */ = {isa = PBXFileReference; lastKnownFileType = sourcecode.c.objc; path = main.m; sourceTree = "<group>"; };
		2BA2A5D2155544F0000F7808 /* CPStreamPlayer-Prefix.pch */ = {isa = PBXFileReference; lastKnownFileType = sourcecode.c.h; path = "CPStreamPlayer-Prefix.pch"; sourceTree = "<group>"; };
		2BA2A5D3155544F0000F7808 /* AppDelegate.h */ = {isa = PBXFileReference; lastKnownFileType = sourcecode.c.h; path = AppDelegate.h; sourceTree = "<group>"; };
		2BA2A5D4155544F0000F7808 /* AppDelegate.m */ = {isa = PBXFileReference; lastKnownFileType = sourcecode.c.objc; path = AppDelegate.m; sourceTree = "<group>"; };
		2BA2A5DB1555451A000F7808 /* CPStreamPlayer.h */ = {isa = PBXFileReference; fileEncoding = 4; lastKnownFileType = sourcecode.c.h; path = CPStreamPlayer.h; sourceTree = "<group>"; };
		2BA2A5DC1555451A000F7808 /* CPStreamPlayer.m */ = {isa = PBXFileReference; fileEncoding = 4; lastKnownFileType = sourcecode.c.objc; path = CPStreamPlayer.m; sourceTree = "<group>"; };
		2BA2A5DE1555452B000F7808 /* MainViewController.h */ = {isa = PBXFileReference; fileEncoding = 4; lastKnownFileType = sourcecode.c.h; path = MainViewController.h; sourceTree = "<group>"; };
		2BA2A5DF1555452B000F7808 /* MainViewController.m */ = {isa = PBXFileReference; fileEncoding = 4; lastKnownFileType = sourcecode.c.objc; path = MainViewController.m; sourceTree = "<group>"; };
		2BA2A5E115554554000F7808 /* AVFoundation.framework */ = {isa = PBXFileReference; lastKnownFileType = wrapper.framework; name = AVFoundation.framework; path = System/Library/Frameworks/AVFoundation.framework; sourceTree = SDKROOT; };
		2BA2A5E315554559000F7808 /* AudioToolbox.framework */ = {isa = PBXFileReference; lastKnownFileType = wrapper.framework; name = AudioToolbox.framework; path = System/Library/Frameworks/AudioToolbox.framework; sourceTree = SDKROOT; };
		2BA2A5E51555455E000F7808 /* MediaPlayer.framework */ = {isa = PBXFileReference; lastKnownFileType = wrapper.framework; name = MediaPlayer.framework; path = System/Library/Frameworks/MediaPlayer.framework; sourceTree = SDKROOT; };
		5186FC3117D943F6008171D8 /* MainViewController.xib */ = {isa = PBXFileReference; fileEncoding = 4; lastKnownFileType = file.xib; path = MainViewController.xib; sourceTree = "<group>"; };
		5186FC3317D94780008171D8 /* Default-568h@2x.png */ = {isa = PBXFileReference; lastKnownFileType = image.png; path = "Default-568h@2x.png"; sourceTree = "<group>"; };
/* End PBXFileReference section */

/* Begin PBXFrameworksBuildPhase section */
		2BA2A5BD155544F0000F7808 /* Frameworks */ = {
			isa = PBXFrameworksBuildPhase;
			buildActionMask = 2147483647;
			files = (
				2BA2A5E61555455E000F7808 /* MediaPlayer.framework in Frameworks */,
				2BA2A5E415554559000F7808 /* AudioToolbox.framework in Frameworks */,
				2BA2A5E215554554000F7808 /* AVFoundation.framework in Frameworks */,
				2BA2A5C5155544F0000F7808 /* UIKit.framework in Frameworks */,
				2BA2A5C7155544F0000F7808 /* Foundation.framework in Frameworks */,
				2BA2A5C9155544F0000F7808 /* CoreGraphics.framework in Frameworks */,
			);
			runOnlyForDeploymentPostprocessing = 0;
		};
/* End PBXFrameworksBuildPhase section */

/* Begin PBXGroup section */
		2BA2A5B5155544F0000F7808 = {
			isa = PBXGroup;
			children = (
				2BA2A5DB1555451A000F7808 /* CPStreamPlayer.h */,
				2BA2A5DC1555451A000F7808 /* CPStreamPlayer.m */,
				2BA2A5CA155544F0000F7808 /* CPStreamPlayer */,
				2BA2A5C3155544F0000F7808 /* Frameworks */,
				2BA2A5C1155544F0000F7808 /* Products */,
			);
			sourceTree = "<group>";
		};
		2BA2A5C1155544F0000F7808 /* Products */ = {
			isa = PBXGroup;
			children = (
				2BA2A5C0155544F0000F7808 /* CPStreamPlayer.app */,
			);
			name = Products;
			sourceTree = "<group>";
		};
		2BA2A5C3155544F0000F7808 /* Frameworks */ = {
			isa = PBXGroup;
			children = (
				2BA2A5E51555455E000F7808 /* MediaPlayer.framework */,
				2BA2A5E315554559000F7808 /* AudioToolbox.framework */,
				2BA2A5E115554554000F7808 /* AVFoundation.framework */,
				2BA2A5C4155544F0000F7808 /* UIKit.framework */,
				2BA2A5C6155544F0000F7808 /* Foundation.framework */,
				2BA2A5C8155544F0000F7808 /* CoreGraphics.framework */,
			);
			name = Frameworks;
			sourceTree = "<group>";
		};
		2BA2A5CA155544F0000F7808 /* CPStreamPlayer */ = {
			isa = PBXGroup;
			children = (
				2BA2A5D3155544F0000F7808 /* AppDelegate.h */,
				2BA2A5D4155544F0000F7808 /* AppDelegate.m */,
				2BA2A5DE1555452B000F7808 /* MainViewController.h */,
				2BA2A5DF1555452B000F7808 /* MainViewController.m */,
				5186FC3117D943F6008171D8 /* MainViewController.xib */,
				2BA2A5CB155544F0000F7808 /* Supporting Files */,
			);
			path = CPStreamPlayer;
			sourceTree = "<group>";
		};
		2BA2A5CB155544F0000F7808 /* Supporting Files */ = {
			isa = PBXGroup;
			children = (
				5186FC3317D94780008171D8 /* Default-568h@2x.png */,
				2BA2A5CC155544F0000F7808 /* CPStreamPlayer-Info.plist */,
				2BA2A5CD155544F0000F7808 /* InfoPlist.strings */,
				2BA2A5D0155544F0000F7808 /* main.m */,
				2BA2A5D2155544F0000F7808 /* CPStreamPlayer-Prefix.pch */,
			);
			name = "Supporting Files";
			sourceTree = "<group>";
		};
/* End PBXGroup section */

/* Begin PBXNativeTarget section */
		2BA2A5BF155544F0000F7808 /* CPStreamPlayer */ = {
			isa = PBXNativeTarget;
			buildConfigurationList = 2BA2A5D8155544F0000F7808 /* Build configuration list for PBXNativeTarget "CPStreamPlayer" */;
			buildPhases = (
				2BA2A5BC155544F0000F7808 /* Sources */,
				2BA2A5BD155544F0000F7808 /* Frameworks */,
				2BA2A5BE155544F0000F7808 /* Resources */,
			);
			buildRules = (
			);
			dependencies = (
			);
			name = CPStreamPlayer;
			productName = CPStreamPlayer;
			productReference = 2BA2A5C0155544F0000F7808 /* CPStreamPlayer.app */;
			productType = "com.apple.product-type.application";
		};
/* End PBXNativeTarget section */

/* Begin PBXProject section */
		2BA2A5B7155544F0000F7808 /* Project object */ = {
			isa = PBXProject;
			attributes = {
				LastUpgradeCheck = 0460;
				ORGANIZATIONNAME = iPhoneSmartApps.org;
			};
			buildConfigurationList = 2BA2A5BA155544F0000F7808 /* Build configuration list for PBXProject "CPStreamPlayer" */;
			compatibilityVersion = "Xcode 3.2";
			developmentRegion = English;
			hasScannedForEncodings = 0;
			knownRegions = (
				en,
			);
			mainGroup = 2BA2A5B5155544F0000F7808;
			productRefGroup = 2BA2A5C1155544F0000F7808 /* Products */;
			projectDirPath = "";
			projectRoot = "";
			targets = (
				2BA2A5BF155544F0000F7808 /* CPStreamPlayer */,
			);
		};
/* End PBXProject section */

/* Begin PBXResourcesBuildPhase section */
		2BA2A5BE155544F0000F7808 /* Resources */ = {
			isa = PBXResourcesBuildPhase;
			buildActionMask = 2147483647;
			files = (
				2BA2A5CF155544F0000F7808 /* InfoPlist.strings in Resources */,
				5186FC3217D943F6008171D8 /* MainViewController.xib in Resources */,
				5186FC3417D94780008171D8 /* Default-568h@2x.png in Resources */,
			);
			runOnlyForDeploymentPostprocessing = 0;
		};
/* End PBXResourcesBuildPhase section */

/* Begin PBXSourcesBuildPhase section */
		2BA2A5BC155544F0000F7808 /* Sources */ = {
			isa = PBXSourcesBuildPhase;
			buildActionMask = 2147483647;
			files = (
				2BA2A5D1155544F0000F7808 /* main.m in Sources */,
				2BA2A5D5155544F0000F7808 /* AppDelegate.m in Sources */,
				2BA2A5DD1555451A000F7808 /* CPStreamPlayer.m in Sources */,
				2BA2A5E01555452B000F7808 /* MainViewController.m in Sources */,
			);
			runOnlyForDeploymentPostprocessing = 0;
		};
/* End PBXSourcesBuildPhase section */

/* Begin PBXVariantGroup section */
		2BA2A5CD155544F0000F7808 /* InfoPlist.strings */ = {
			isa = PBXVariantGroup;
			children = (
				2BA2A5CE155544F0000F7808 /* en */,
			);
			name = InfoPlist.strings;
			sourceTree = "<group>";
		};
/* End PBXVariantGroup section */

/* Begin XCBuildConfiguration section */
		2BA2A5D6155544F0000F7808 /* Debug */ = {
			isa = XCBuildConfiguration;
			buildSettings = {
				ALWAYS_SEARCH_USER_PATHS = NO;
				ARCHS = "$(ARCHS_STANDARD_32_BIT)";
				CLANG_WARN_CONSTANT_CONVERSION = YES;
				CLANG_WARN_ENUM_CONVERSION = YES;
				CLANG_WARN_INT_CONVERSION = YES;
				CLANG_WARN__DUPLICATE_METHOD_MATCH = YES;
				"CODE_SIGN_IDENTITY[sdk=iphoneos*]" = "iPhone Developer";
				COPY_PHASE_STRIP = NO;
				GCC_C_LANGUAGE_STANDARD = gnu99;
				GCC_DYNAMIC_NO_PIC = NO;
				GCC_OPTIMIZATION_LEVEL = 0;
				GCC_PREPROCESSOR_DEFINITIONS = (
					"DEBUG=1",
					"$(inherited)",
				);
				GCC_SYMBOLS_PRIVATE_EXTERN = NO;
				GCC_VERSION = com.apple.compilers.llvm.clang.1_0;
				GCC_WARN_ABOUT_RETURN_TYPE = YES;
				GCC_WARN_UNINITIALIZED_AUTOS = YES;
				GCC_WARN_UNUSED_VARIABLE = YES;
				IPHONEOS_DEPLOYMENT_TARGET = 5.1;
				SDKROOT = iphoneos;
				TARGETED_DEVICE_FAMILY = "1,2";
			};
			name = Debug;
		};
		2BA2A5D7155544F0000F7808 /* Release */ = {
			isa = XCBuildConfiguration;
			buildSettings = {
				ALWAYS_SEARCH_USER_PATHS = NO;
				ARCHS = "$(ARCHS_STANDARD_32_BIT)";
				CLANG_WARN_CONSTANT_CONVERSION = YES;
				CLANG_WARN_ENUM_CONVERSION = YES;
				CLANG_WARN_INT_CONVERSION = YES;
				CLANG_WARN__DUPLICATE_METHOD_MATCH = YES;
				"CODE_SIGN_IDENTITY[sdk=iphoneos*]" = "iPhone Developer";
				COPY_PHASE_STRIP = YES;
				GCC_C_LANGUAGE_STANDARD = gnu99;
				GCC_VERSION = com.apple.compilers.llvm.clang.1_0;
				GCC_WARN_ABOUT_RETURN_TYPE = YES;
				GCC_WARN_UNINITIALIZED_AUTOS = YES;
				GCC_WARN_UNUSED_VARIABLE = YES;
				IPHONEOS_DEPLOYMENT_TARGET = 5.1;
				OTHER_CFLAGS = "-DNS_BLOCK_ASSERTIONS=1";
				SDKROOT = iphoneos;
				TARGETED_DEVICE_FAMILY = "1,2";
				VALIDATE_PRODUCT = YES;
			};
			name = Release;
		};
		2BA2A5D9155544F0000F7808 /* Debug */ = {
			isa = XCBuildConfiguration;
			buildSettings = {
				GCC_PRECOMPILE_PREFIX_HEADER = YES;
				GCC_PREFIX_HEADER = "CPStreamPlayer/CPStreamPlayer-Prefix.pch";
				INFOPLIST_FILE = "CPStreamPlayer/CPStreamPlayer-Info.plist";
				IPHONEOS_DEPLOYMENT_TARGET = 6.0;
				PRODUCT_NAME = "$(TARGET_NAME)";
				WRAPPER_EXTENSION = app;
			};
			name = Debug;
		};
		2BA2A5DA155544F0000F7808 /* Release */ = {
			isa = XCBuildConfiguration;
			buildSettings = {
				GCC_PRECOMPILE_PREFIX_HEADER = YES;
				GCC_PREFIX_HEADER = "CPStreamPlayer/CPStreamPlayer-Prefix.pch";
				INFOPLIST_FILE = "CPStreamPlayer/CPStreamPlayer-Info.plist";
				IPHONEOS_DEPLOYMENT_TARGET = 6.0;
				PRODUCT_NAME = "$(TARGET_NAME)";
				WRAPPER_EXTENSION = app;
			};
			name = Release;
		};
/* End XCBuildConfiguration section */

/* Begin XCConfigurationList section */
		2BA2A5BA155544F0000F7808 /* Build configuration list for PBXProject "CPStreamPlayer" */ = {
			isa = XCConfigurationList;
			buildConfigurations = (
				2BA2A5D6155544F0000F7808 /* Debug */,
				2BA2A5D7155544F0000F7808 /* Release */,
			);
			defaultConfigurationIsVisible = 0;
			defaultConfigurationName = Release;
		};
		2BA2A5D8155544F0000F7808 /* Build configuration list for PBXNativeTarget "CPStreamPlayer" */ = {
			isa = XCConfigurationList;
			buildConfigurations = (
				2BA2A5D9155544F0000F7808 /* Debug */,
				2BA2A5DA155544F0000F7808 /* Release */,
			);
			defaultConfigurationIsVisible = 0;
			defaultConfigurationName = Release;
		};
/* End XCConfigurationList section */
	};
	rootObject = 2BA2A5B7155544F0000F7808 /* Project object */;
}
